# THIS IS AN AUTOGENERATED FILE. DO NOT EDIT THIS FILE DIRECTLY.
# yarn lockfile v1


"@toolkip/structs@^1.0.10":
  version "1.0.10"
  resolved "https://registry.yarnpkg.com/@toolkip/structs/-/structs-1.0.10.tgz#bfa8aa4d34f9da918c9e92cda3eba960eef908fe"
  integrity sha512-A/iZAJcumejd8mrIZYN2D6pEXnGfIBxza55USiGvyge1CmZrcphJKCMB+sySjx8UmNjb5PGq/EaexdLVlzCDmQ==
